
Microsoft Visual Studio Solution File, Format Version 12.00
# Visual Studio Version 16
VisualStudioVersion = 16.0.32510.428
MinimumVisualStudioVersion = 10.0.40219.1
Project("{9A19103F-16F7-4668-BE54-9A1E7A4F7556}") = "Messager.Chats.API", "ChatsMicroservice\Messager.Chats.API.csproj", "{15ABB84A-E517-491B-8CB4-45528AAF6BD7}"
EndProject
Project("{9A19103F-16F7-4668-BE54-9A1E7A4F7556}") = "Messager.Chats.Domain.Core", "Messager.Chats.Domain.Core\Messager.Chats.Domain.Core.csproj", "{FC28E95F-9EB0-441A-A546-BA3E9642979A}"
EndProject
Project("{9A19103F-16F7-4668-BE54-9A1E7A4F7556}") = "Messager.Chats.Domain.Interfaces", "Messager.Chats.Domain.Interfaces\Messager.Chats.Domain.Interfaces.csproj", "{C1F9BAF4-CB3A-46F0-9CBA-CFD944D74FA7}"
EndProject
Project("{9A19103F-16F7-4668-BE54-9A1E7A4F7556}") = "Messager.Chats.Application.Services", "Messager.Chats.Application.Services\Messager.Chats.Application.Services.csproj", "{4B7B3F80-1C4A-4B8E-BFBC-8A07431AF5F0}"
EndProject
Project("{9A19103F-16F7-4668-BE54-9A1E7A4F7556}") = "Messager.Chats.Infrastructure.Data", "Messager.Chats.Infrastructure.Data\Messager.Chats.Infrastructure.Data.csproj", "{8939453E-AA5E-4F97-93BE-2B227CB2DDA3}"
EndProject
Project("{9A19103F-16F7-4668-BE54-9A1E7A4F7556}") = "Messager.Chats.Infrastructure.Services", "Messager.Chats.Infrastructure.Services\Messager.Chats.Infrastructure.Services.csproj", "{98830701-742E-4004-805A-A15EA75F886D}"
EndProject
Global
	GlobalSection(SolutionConfigurationPlatforms) = preSolution
		Debug|Any CPU = Debug|Any CPU
		Release|Any CPU = Release|Any CPU
	EndGlobalSection
	GlobalSection(ProjectConfigurationPlatforms) = postSolution
		{15ABB84A-E517-491B-8CB4-45528AAF6BD7}.Debug|Any CPU.ActiveCfg = Debug|Any CPU
		{15ABB84A-E517-491B-8CB4-45528AAF6BD7}.Debug|Any CPU.Build.0 = Debug|Any CPU
		{15ABB84A-E517-491B-8CB4-45528AAF6BD7}.Release|Any CPU.ActiveCfg = Release|Any CPU
		{15ABB84A-E517-491B-8CB4-45528AAF6BD7}.Release|Any CPU.Build.0 = Release|Any CPU
		{FC28E95F-9EB0-441A-A546-BA3E9642979A}.Debug|Any CPU.ActiveCfg = Debug|Any CPU
		{FC28E95F-9EB0-441A-A546-BA3E9642979A}.Debug|Any CPU.Build.0 = Debug|Any CPU
		{FC28E95F-9EB0-441A-A546-BA3E9642979A}.Release|Any CPU.ActiveCfg = Release|Any CPU
		{FC28E95F-9EB0-441A-A546-BA3E9642979A}.Release|Any CPU.Build.0 = Release|Any CPU
		{C1F9BAF4-CB3A-46F0-9CBA-CFD944D74FA7}.Debug|Any CPU.ActiveCfg = Debug|Any CPU
		{C1F9BAF4-CB3A-46F0-9CBA-CFD944D74FA7}.Debug|Any CPU.Build.0 = Debug|Any CPU
		{C1F9BAF4-CB3A-46F0-9CBA-CFD944D74FA7}.Release|Any CPU.ActiveCfg = Release|Any CPU
		{C1F9BAF4-CB3A-46F0-9CBA-CFD944D74FA7}.Release|Any CPU.Build.0 = Release|Any CPU
		{4B7B3F80-1C4A-4B8E-BFBC-8A07431AF5F0}.Debug|Any CPU.ActiveCfg = Debug|Any CPU
		{4B7B3F80-1C4A-4B8E-BFBC-8A07431AF5F0}.Debug|Any CPU.Build.0 = Debug|Any CPU
		{4B7B3F80-1C4A-4B8E-BFBC-8A07431AF5F0}.Release|Any CPU.ActiveCfg = Release|Any CPU
		{4B7B3F80-1C4A-4B8E-BFBC-8A07431AF5F0}.Release|Any CPU.Build.0 = Release|Any CPU
		{8939453E-AA5E-4F97-93BE-2B227CB2DDA3}.Debug|Any CPU.ActiveCfg = Debug|Any CPU
		{8939453E-AA5E-4F97-93BE-2B227CB2DDA3}.Debug|Any CPU.Build.0 = Debug|Any CPU
		{8939453E-AA5E-4F97-93BE-2B227CB2DDA3}.Release|Any CPU.ActiveCfg = Release|Any CPU
		{8939453E-AA5E-4F97-93BE-2B227CB2DDA3}.Release|Any CPU.Build.0 = Release|Any CPU
		{98830701-742E-4004-805A-A15EA75F886D}.Debug|Any CPU.ActiveCfg = Debug|Any CPU
		{98830701-742E-4004-805A-A15EA75F886D}.Debug|Any CPU.Build.0 = Debug|Any CPU
		{98830701-742E-4004-805A-A15EA75F886D}.Release|Any CPU.ActiveCfg = Release|Any CPU
		{98830701-742E-4004-805A-A15EA75F886D}.Release|Any CPU.Build.0 = Release|Any CPU
	EndGlobalSection
	GlobalSection(SolutionProperties) = preSolution
		HideSolutionNode = FALSE
	EndGlobalSection
	GlobalSection(ExtensibilityGlobals) = postSolution
		SolutionGuid = {69B53ED0-26A7-4747-9C3D-F782A06801E4}
	EndGlobalSection
EndGlobal
